
Microsoft Visual Studio Solution File, Format Version 12.00
# Visual Studio Version 16
VisualStudioVersion = 16.0.29102.190
MinimumVisualStudioVersion = 10.0.40219.1
Project("{9A19103F-16F7-4668-BE54-9A1E7A4F7556}") = "Payments", "Payments\Payments.csproj", "{39A81EB3-09E9-4626-9BB0-2268595E6C41}"
EndProject
Project("{9A19103F-16F7-4668-BE54-9A1E7A4F7556}") = "Paypal", "Paypal\Paypal.csproj", "{8DE023DA-4261-4A7D-B448-7FFE53C0672F}"
EndProject
Project("{9A19103F-16F7-4668-BE54-9A1E7A4F7556}") = "EasyPay", "EasyPay\EasyPay.csproj", "{DDF7C231-F0D2-4A92-9786-EC82AFCF28B2}"
EndProject
Project("{9A19103F-16F7-4668-BE54-9A1E7A4F7556}") = "DynamicAssemblyLoadingAspNetCore", "DynamicAssemblyLoadingAspNetCore\DynamicAssemblyLoadingAspNetCore.csproj", "{0D2061C1-DEC9-4CDC-98BC-7FFA667BF354}"
EndProject
Project("{9A19103F-16F7-4668-BE54-9A1E7A4F7556}") = "McMaster.NETCore.Plugins", "..\DotNetCorePlugins\src\Plugins\McMaster.NETCore.Plugins.csproj", "{5425EC24-D1EA-4A3A-AFA6-0398A6CD0ABE}"
EndProject
Global
	GlobalSection(SolutionConfigurationPlatforms) = preSolution
		Debug|Any CPU = Debug|Any CPU
		Release|Any CPU = Release|Any CPU
	EndGlobalSection
	GlobalSection(ProjectConfigurationPlatforms) = postSolution
		{39A81EB3-09E9-4626-9BB0-2268595E6C41}.Debug|Any CPU.ActiveCfg = Debug|Any CPU
		{39A81EB3-09E9-4626-9BB0-2268595E6C41}.Debug|Any CPU.Build.0 = Debug|Any CPU
		{39A81EB3-09E9-4626-9BB0-2268595E6C41}.Release|Any CPU.ActiveCfg = Release|Any CPU
		{39A81EB3-09E9-4626-9BB0-2268595E6C41}.Release|Any CPU.Build.0 = Release|Any CPU
		{8DE023DA-4261-4A7D-B448-7FFE53C0672F}.Debug|Any CPU.ActiveCfg = Debug|Any CPU
		{8DE023DA-4261-4A7D-B448-7FFE53C0672F}.Debug|Any CPU.Build.0 = Debug|Any CPU
		{8DE023DA-4261-4A7D-B448-7FFE53C0672F}.Release|Any CPU.ActiveCfg = Release|Any CPU
		{8DE023DA-4261-4A7D-B448-7FFE53C0672F}.Release|Any CPU.Build.0 = Release|Any CPU
		{DDF7C231-F0D2-4A92-9786-EC82AFCF28B2}.Debug|Any CPU.ActiveCfg = Debug|Any CPU
		{DDF7C231-F0D2-4A92-9786-EC82AFCF28B2}.Debug|Any CPU.Build.0 = Debug|Any CPU
		{DDF7C231-F0D2-4A92-9786-EC82AFCF28B2}.Release|Any CPU.ActiveCfg = Release|Any CPU
		{DDF7C231-F0D2-4A92-9786-EC82AFCF28B2}.Release|Any CPU.Build.0 = Release|Any CPU
		{0D2061C1-DEC9-4CDC-98BC-7FFA667BF354}.Debug|Any CPU.ActiveCfg = Debug|Any CPU
		{0D2061C1-DEC9-4CDC-98BC-7FFA667BF354}.Debug|Any CPU.Build.0 = Debug|Any CPU
		{0D2061C1-DEC9-4CDC-98BC-7FFA667BF354}.Release|Any CPU.ActiveCfg = Release|Any CPU
		{0D2061C1-DEC9-4CDC-98BC-7FFA667BF354}.Release|Any CPU.Build.0 = Release|Any CPU
		{5425EC24-D1EA-4A3A-AFA6-0398A6CD0ABE}.Debug|Any CPU.ActiveCfg = Debug|Any CPU
		{5425EC24-D1EA-4A3A-AFA6-0398A6CD0ABE}.Debug|Any CPU.Build.0 = Debug|Any CPU
		{5425EC24-D1EA-4A3A-AFA6-0398A6CD0ABE}.Release|Any CPU.ActiveCfg = Release|Any CPU
		{5425EC24-D1EA-4A3A-AFA6-0398A6CD0ABE}.Release|Any CPU.Build.0 = Release|Any CPU
	EndGlobalSection
	GlobalSection(SolutionProperties) = preSolution
		HideSolutionNode = FALSE
	EndGlobalSection
	GlobalSection(ExtensibilityGlobals) = postSolution
		SolutionGuid = {958EAB2B-224D-4AEB-B202-4363CD48F249}
	EndGlobalSection
EndGlobal
